// !$*UTF8*$!
{
	archiveVersion = 1;
	classes = {
	};
	objectVersion = 46;
	objects = {

/* Begin PBXBuildFile section */
		0D4A8FDE1DF68C1700126719 /* MyImage.m in Sources */ = {isa = PBXBuildFile; fileRef = 0D4A8FDD1DF68C1700126719 /* MyImage.m */; };
		0D4A8FE11DF696CF00126719 /* SCPicture.m in Sources */ = {isa = PBXBuildFile; fileRef = 0D4A8FE01DF696CF00126719 /* SCPicture.m */; };
		0D4F297C1DE43A6A00B30710 /* CommonFunc.m in Sources */ = {isa = PBXBuildFile; fileRef = 0D4F297B1DE43A6A00B30710 /* CommonFunc.m */; };
		0D68F2BC1DE2D50F0055B6B1 /* InviteMeeting.m in Sources */ = {isa = PBXBuildFile; fileRef = 0D68F2BB1DE2D50F0055B6B1 /* InviteMeeting.m */; };
		0D68F2BF1DE2F7A30055B6B1 /* RequestResultOther.m in Sources */ = {isa = PBXBuildFile; fileRef = 0D68F2BE1DE2F7A30055B6B1 /* RequestResultOther.m */; };
		0D8DC2951DDD8BC500A562C9 /* Meeting.m in Sources */ = {isa = PBXBuildFile; fileRef = 0D8DC2941DDD8BC500A562C9 /* Meeting.m */; };
		0D8DC2981DDDCA2100A562C9 /* SCConst.m in Sources */ = {isa = PBXBuildFile; fileRef = 0D8DC2971DDDCA2100A562C9 /* SCConst.m */; };
		0D963F601DDBFD6300DC3900 /* RequestResult.m in Sources */ = {isa = PBXBuildFile; fileRef = 0D963F5F1DDBFD6300DC3900 /* RequestResult.m */; };
		0D963F631DDC0B1000DC3900 /* Account.m in Sources */ = {isa = PBXBuildFile; fileRef = 0D963F621DDC0B1000DC3900 /* Account.m */; };
		0DDC66C01DD2D64C00CD1454 /* ConnectTool.m in Sources */ = {isa = PBXBuildFile; fileRef = 0DDC66BF1DD2D64C00CD1454 /* ConnectTool.m */; };
		0DF8E3F61DEC28500088CA81 /* SCPoint.m in Sources */ = {isa = PBXBuildFile; fileRef = 0DF8E3F51DEC28500088CA81 /* SCPoint.m */; };
		0DF8E3F91DEC29010088CA81 /* Draw.m in Sources */ = {isa = PBXBuildFile; fileRef = 0DF8E3F81DEC29010088CA81 /* Draw.m */; };
		0DFA75761DED54F100A5A6DE /* SCRect.m in Sources */ = {isa = PBXBuildFile; fileRef = 0DFA75751DED54F100A5A6DE /* SCRect.m */; };
		70E1FD701C536835009256B3 /* main.m in Sources */ = {isa = PBXBuildFile; fileRef = 70E1FD6F1C536835009256B3 /* main.m */; };
		70E1FD731C536835009256B3 /* AppDelegate.m in Sources */ = {isa = PBXBuildFile; fileRef = 70E1FD721C536835009256B3 /* AppDelegate.m */; };
		70E1FD761C536835009256B3 /* ViewController.m in Sources */ = {isa = PBXBuildFile; fileRef = 70E1FD751C536835009256B3 /* ViewController.m */; };
		70E1FD791C536835009256B3 /* Main.storyboard in Resources */ = {isa = PBXBuildFile; fileRef = 70E1FD771C536835009256B3 /* Main.storyboard */; };
		70E1FD7B1C536835009256B3 /* Assets.xcassets in Resources */ = {isa = PBXBuildFile; fileRef = 70E1FD7A1C536835009256B3 /* Assets.xcassets */; };
		70E1FD7E1C536835009256B3 /* LaunchScreen.storyboard in Resources */ = {isa = PBXBuildFile; fileRef = 70E1FD7C1C536835009256B3 /* LaunchScreen.storyboard */; };
		70E1FD871C536C6F009256B3 /* DrawView.m in Sources */ = {isa = PBXBuildFile; fileRef = 70E1FD861C536C6F009256B3 /* DrawView.m */; };
		70E1FD8A1C5378B4009256B3 /* MyBezierPath.m in Sources */ = {isa = PBXBuildFile; fileRef = 70E1FD891C5378B4009256B3 /* MyBezierPath.m */; };
		70E1FD8D1C5393BA009256B3 /* HandleImageView.m in Sources */ = {isa = PBXBuildFile; fileRef = 70E1FD8C1C5393BA009256B3 /* HandleImageView.m */; };
		C4BECE1671ED7A211477C4F7 /* libPods.a in Frameworks */ = {isa = PBXBuildFile; fileRef = 0209B70FC91A8F9EA6003C84 /* libPods.a */; };
/* End PBXBuildFile section */

/* Begin PBXFileReference section */
		0209B70FC91A8F9EA6003C84 /* libPods.a */ = {isa = PBXFileReference; explicitFileType = archive.ar; includeInIndex = 0; path = libPods.a; sourceTree = BUILT_PRODUCTS_DIR; };
		0D4A8FDC1DF68C1700126719 /* MyImage.h */ = {isa = PBXFileReference; fileEncoding = 4; lastKnownFileType = sourcecode.c.h; path = MyImage.h; sourceTree = "<group>"; };
		0D4A8FDD1DF68C1700126719 /* MyImage.m */ = {isa = PBXFileReference; fileEncoding = 4; lastKnownFileType = sourcecode.c.objc; path = MyImage.m; sourceTree = "<group>"; };
		0D4A8FDF1DF696CF00126719 /* SCPicture.h */ = {isa = PBXFileReference; fileEncoding = 4; lastKnownFileType = sourcecode.c.h; path = SCPicture.h; sourceTree = "<group>"; };
		0D4A8FE01DF696CF00126719 /* SCPicture.m */ = {isa = PBXFileReference; fileEncoding = 4; lastKnownFileType = sourcecode.c.objc; path = SCPicture.m; sourceTree = "<group>"; };
		0D4F297A1DE43A6A00B30710 /* CommonFunc.h */ = {isa = PBXFileReference; fileEncoding = 4; lastKnownFileType = sourcecode.c.h; path = CommonFunc.h; sourceTree = "<group>"; };
		0D4F297B1DE43A6A00B30710 /* CommonFunc.m */ = {isa = PBXFileReference; fileEncoding = 4; lastKnownFileType = sourcecode.c.objc; path = CommonFunc.m; sourceTree = "<group>"; };
		0D68F2BA1DE2D50F0055B6B1 /* InviteMeeting.h */ = {isa = PBXFileReference; fileEncoding = 4; lastKnownFileType = sourcecode.c.h; path = InviteMeeting.h; sourceTree = "<group>"; };
		0D68F2BB1DE2D50F0055B6B1 /* InviteMeeting.m */ = {isa = PBXFileReference; fileEncoding = 4; lastKnownFileType = sourcecode.c.objc; path = InviteMeeting.m; sourceTree = "<group>"; };
		0D68F2BD1DE2F7A30055B6B1 /* RequestResultOther.h */ = {isa = PBXFileReference; fileEncoding = 4; lastKnownFileType = sourcecode.c.h; path = RequestResultOther.h; sourceTree = "<group>"; };
		0D68F2BE1DE2F7A30055B6B1 /* RequestResultOther.m */ = {isa = PBXFileReference; fileEncoding = 4; lastKnownFileType = sourcecode.c.objc; path = RequestResultOther.m; sourceTree = "<group>"; };
		0D8DC2931DDD8BC500A562C9 /* Meeting.h */ = {isa = PBXFileReference; fileEncoding = 4; lastKnownFileType = sourcecode.c.h; path = Meeting.h; sourceTree = "<group>"; };
		0D8DC2941DDD8BC500A562C9 /* Meeting.m */ = {isa = PBXFileReference; fileEncoding = 4; lastKnownFileType = sourcecode.c.objc; path = Meeting.m; sourceTree = "<group>"; };
		0D8DC2961DDDCA2100A562C9 /* SCConst.h */ = {isa = PBXFileReference; fileEncoding = 4; lastKnownFileType = sourcecode.c.h; path = SCConst.h; sourceTree = "<group>"; };
		0D8DC2971DDDCA2100A562C9 /* SCConst.m */ = {isa = PBXFileReference; fileEncoding = 4; lastKnownFileType = sourcecode.c.objc; path = SCConst.m; sourceTree = "<group>"; };
		0D963F5E1DDBFD6300DC3900 /* RequestResult.h */ = {isa = PBXFileReference; fileEncoding = 4; lastKnownFileType = sourcecode.c.h; path = RequestResult.h; sourceTree = "<group>"; };
		0D963F5F1DDBFD6300DC3900 /* RequestResult.m */ = {isa = PBXFileReference; fileEncoding = 4; lastKnownFileType = sourcecode.c.objc; path = RequestResult.m; sourceTree = "<group>"; };
		0D963F611DDC0B1000DC3900 /* Account.h */ = {isa = PBXFileReference; fileEncoding = 4; lastKnownFileType = sourcecode.c.h; path = Account.h; sourceTree = "<group>"; };
		0D963F621DDC0B1000DC3900 /* Account.m */ = {isa = PBXFileReference; fileEncoding = 4; lastKnownFileType = sourcecode.c.objc; path = Account.m; sourceTree = "<group>"; };
		0DDC66BE1DD2D64C00CD1454 /* ConnectTool.h */ = {isa = PBXFileReference; fileEncoding = 4; lastKnownFileType = sourcecode.c.h; path = ConnectTool.h; sourceTree = "<group>"; };
		0DDC66BF1DD2D64C00CD1454 /* ConnectTool.m */ = {isa = PBXFileReference; fileEncoding = 4; lastKnownFileType = sourcecode.c.objc; path = ConnectTool.m; sourceTree = "<group>"; };
		0DDC66C11DD33E9100CD1454 /* const.h */ = {isa = PBXFileReference; lastKnownFileType = sourcecode.c.h; path = const.h; sourceTree = "<group>"; };
		0DF8E3F41DEC28500088CA81 /* SCPoint.h */ = {isa = PBXFileReference; fileEncoding = 4; lastKnownFileType = sourcecode.c.h; path = SCPoint.h; sourceTree = "<group>"; };
		0DF8E3F51DEC28500088CA81 /* SCPoint.m */ = {isa = PBXFileReference; fileEncoding = 4; lastKnownFileType = sourcecode.c.objc; path = SCPoint.m; sourceTree = "<group>"; };
		0DF8E3F71DEC29010088CA81 /* Draw.h */ = {isa = PBXFileReference; fileEncoding = 4; lastKnownFileType = sourcecode.c.h; path = Draw.h; sourceTree = "<group>"; };
		0DF8E3F81DEC29010088CA81 /* Draw.m */ = {isa = PBXFileReference; fileEncoding = 4; lastKnownFileType = sourcecode.c.objc; path = Draw.m; sourceTree = "<group>"; };
		0DFA75741DED54F100A5A6DE /* SCRect.h */ = {isa = PBXFileReference; fileEncoding = 4; lastKnownFileType = sourcecode.c.h; path = SCRect.h; sourceTree = "<group>"; };
		0DFA75751DED54F100A5A6DE /* SCRect.m */ = {isa = PBXFileReference; fileEncoding = 4; lastKnownFileType = sourcecode.c.objc; path = SCRect.m; sourceTree = "<group>"; };
		15FB0B0D55C5C61858CFE043 /* Pods.debug.xcconfig */ = {isa = PBXFileReference; includeInIndex = 1; lastKnownFileType = text.xcconfig; name = Pods.debug.xcconfig; path = "Pods/Target Support Files/Pods/Pods.debug.xcconfig"; sourceTree = "<group>"; };
		70E1FD6B1C536835009256B3 /* 10-画板.app */ = {isa = PBXFileReference; explicitFileType = wrapper.application; includeInIndex = 0; path = "10-画板.app"; sourceTree = BUILT_PRODUCTS_DIR; };
		70E1FD6F1C536835009256B3 /* main.m */ = {isa = PBXFileReference; lastKnownFileType = sourcecode.c.objc; path = main.m; sourceTree = "<group>"; };
		70E1FD711C536835009256B3 /* AppDelegate.h */ = {isa = PBXFileReference; lastKnownFileType = sourcecode.c.h; path = AppDelegate.h; sourceTree = "<group>"; };
		70E1FD721C536835009256B3 /* AppDelegate.m */ = {isa = PBXFileReference; lastKnownFileType = sourcecode.c.objc; path = AppDelegate.m; sourceTree = "<group>"; };
		70E1FD741C536835009256B3 /* ViewController.h */ = {isa = PBXFileReference; lastKnownFileType = sourcecode.c.h; path = ViewController.h; sourceTree = "<group>"; };
		70E1FD751C536835009256B3 /* ViewController.m */ = {isa = PBXFileReference; lastKnownFileType = sourcecode.c.objc; path = ViewController.m; sourceTree = "<group>"; };
		70E1FD781C536835009256B3 /* Base */ = {isa = PBXFileReference; lastKnownFileType = file.storyboard; name = Base; path = Base.lproj/Main.storyboard; sourceTree = "<group>"; };
		70E1FD7A1C536835009256B3 /* Assets.xcassets */ = {isa = PBXFileReference; lastKnownFileType = folder.assetcatalog; path = Assets.xcassets; sourceTree = "<group>"; };
		70E1FD7D1C536835009256B3 /* Base */ = {isa = PBXFileReference; lastKnownFileType = file.storyboard; name = Base; path = Base.lproj/LaunchScreen.storyboard; sourceTree = "<group>"; };
		70E1FD7F1C536835009256B3 /* Info.plist */ = {isa = PBXFileReference; lastKnownFileType = text.plist.xml; path = Info.plist; sourceTree = "<group>"; };
		70E1FD851C536C6F009256B3 /* DrawView.h */ = {isa = PBXFileReference; fileEncoding = 4; lastKnownFileType = sourcecode.c.h; path = DrawView.h; sourceTree = "<group>"; };
		70E1FD861C536C6F009256B3 /* DrawView.m */ = {isa = PBXFileReference; fileEncoding = 4; lastKnownFileType = sourcecode.c.objc; path = DrawView.m; sourceTree = "<group>"; };
		70E1FD881C5378B4009256B3 /* MyBezierPath.h */ = {isa = PBXFileReference; fileEncoding = 4; lastKnownFileType = sourcecode.c.h; path = MyBezierPath.h; sourceTree = "<group>"; };
		70E1FD891C5378B4009256B3 /* MyBezierPath.m */ = {isa = PBXFileReference; fileEncoding = 4; lastKnownFileType = sourcecode.c.objc; path = MyBezierPath.m; sourceTree = "<group>"; };
		70E1FD8B1C5393BA009256B3 /* HandleImageView.h */ = {isa = PBXFileReference; fileEncoding = 4; lastKnownFileType = sourcecode.c.h; path = HandleImageView.h; sourceTree = "<group>"; };
		70E1FD8C1C5393BA009256B3 /* HandleImageView.m */ = {isa = PBXFileReference; fileEncoding = 4; lastKnownFileType = sourcecode.c.objc; path = HandleImageView.m; sourceTree = "<group>"; };
		9BF21534529C25CFF48B09AC /* Pods.release.xcconfig */ = {isa = PBXFileReference; includeInIndex = 1; lastKnownFileType = text.xcconfig; name = Pods.release.xcconfig; path = "Pods/Target Support Files/Pods/Pods.release.xcconfig"; sourceTree = "<group>"; };
/* End PBXFileReference section */

/* Begin PBXFrameworksBuildPhase section */
		70E1FD681C536835009256B3 /* Frameworks */ = {
			isa = PBXFrameworksBuildPhase;
			buildActionMask = 2147483647;
			files = (
				C4BECE1671ED7A211477C4F7 /* libPods.a in Frameworks */,
			);
			runOnlyForDeploymentPostprocessing = 0;
		};
/* End PBXFrameworksBuildPhase section */

/* Begin PBXGroup section */
		057BF8EE15697A578683CD81 /* Frameworks */ = {
			isa = PBXGroup;
			children = (
				0209B70FC91A8F9EA6003C84 /* libPods.a */,
			);
			name = Frameworks;
			sourceTree = "<group>";
		};
		0D963F5D1DDBFD3F00DC3900 /* Model */ = {
			isa = PBXGroup;
			children = (
				0D963F5E1DDBFD6300DC3900 /* RequestResult.h */,
				0D963F5F1DDBFD6300DC3900 /* RequestResult.m */,
				0D963F611DDC0B1000DC3900 /* Account.h */,
				0D963F621DDC0B1000DC3900 /* Account.m */,
				0D8DC2931DDD8BC500A562C9 /* Meeting.h */,
				0D8DC2941DDD8BC500A562C9 /* Meeting.m */,
				0D68F2BA1DE2D50F0055B6B1 /* InviteMeeting.h */,
				0D68F2BB1DE2D50F0055B6B1 /* InviteMeeting.m */,
				0D68F2BD1DE2F7A30055B6B1 /* RequestResultOther.h */,
				0D68F2BE1DE2F7A30055B6B1 /* RequestResultOther.m */,
				0DF8E3F41DEC28500088CA81 /* SCPoint.h */,
				0DF8E3F51DEC28500088CA81 /* SCPoint.m */,
				0DF8E3F71DEC29010088CA81 /* Draw.h */,
				0DF8E3F81DEC29010088CA81 /* Draw.m */,
				0DFA75741DED54F100A5A6DE /* SCRect.h */,
				0DFA75751DED54F100A5A6DE /* SCRect.m */,
				0D4A8FDF1DF696CF00126719 /* SCPicture.h */,
				0D4A8FE01DF696CF00126719 /* SCPicture.m */,
			);
			path = Model;
			sourceTree = "<group>";
		};
		70E1FD621C536835009256B3 = {
			isa = PBXGroup;
			children = (
				70E1FD6D1C536835009256B3 /* 10-画板 */,
				70E1FD6C1C536835009256B3 /* Products */,
				AB4C2C1E8DDB0262849E7648 /* Pods */,
				057BF8EE15697A578683CD81 /* Frameworks */,
			);
			sourceTree = "<group>";
		};
		70E1FD6C1C536835009256B3 /* Products */ = {
			isa = PBXGroup;
			children = (
				70E1FD6B1C536835009256B3 /* 10-画板.app */,
			);
			name = Products;
			sourceTree = "<group>";
		};
		70E1FD6D1C536835009256B3 /* 10-画板 */ = {
			isa = PBXGroup;
			children = (
				0D963F5D1DDBFD3F00DC3900 /* Model */,
				70E1FD711C536835009256B3 /* AppDelegate.h */,
				70E1FD721C536835009256B3 /* AppDelegate.m */,
				70E1FD741C536835009256B3 /* ViewController.h */,
				70E1FD751C536835009256B3 /* ViewController.m */,
				70E1FD771C536835009256B3 /* Main.storyboard */,
				0D4A8FDC1DF68C1700126719 /* MyImage.h */,
				0D4A8FDD1DF68C1700126719 /* MyImage.m */,
				70E1FD851C536C6F009256B3 /* DrawView.h */,
				70E1FD861C536C6F009256B3 /* DrawView.m */,
				70E1FD881C5378B4009256B3 /* MyBezierPath.h */,
				70E1FD891C5378B4009256B3 /* MyBezierPath.m */,
				70E1FD8B1C5393BA009256B3 /* HandleImageView.h */,
				70E1FD8C1C5393BA009256B3 /* HandleImageView.m */,
				0DDC66BE1DD2D64C00CD1454 /* ConnectTool.h */,
				0DDC66BF1DD2D64C00CD1454 /* ConnectTool.m */,
				0D8DC2961DDDCA2100A562C9 /* SCConst.h */,
				0D8DC2971DDDCA2100A562C9 /* SCConst.m */,
				70E1FD7A1C536835009256B3 /* Assets.xcassets */,
				70E1FD7C1C536835009256B3 /* LaunchScreen.storyboard */,
				70E1FD7F1C536835009256B3 /* Info.plist */,
				70E1FD6E1C536835009256B3 /* Supporting Files */,
				0DDC66C11DD33E9100CD1454 /* const.h */,
				0D4F297A1DE43A6A00B30710 /* CommonFunc.h */,
				0D4F297B1DE43A6A00B30710 /* CommonFunc.m */,
			);
			path = "10-画板";
			sourceTree = "<group>";
		};
		70E1FD6E1C536835009256B3 /* Supporting Files */ = {
			isa = PBXGroup;
			children = (
				70E1FD6F1C536835009256B3 /* main.m */,
			);
			name = "Supporting Files";
			sourceTree = "<group>";
		};
		AB4C2C1E8DDB0262849E7648 /* Pods */ = {
			isa = PBXGroup;
			children = (
				15FB0B0D55C5C61858CFE043 /* Pods.debug.xcconfig */,
				9BF21534529C25CFF48B09AC /* Pods.release.xcconfig */,
			);
			name = Pods;
			sourceTree = "<group>";
		};
/* End PBXGroup section */

/* Begin PBXNativeTarget section */
		70E1FD6A1C536835009256B3 /* 10-画板 */ = {
			isa = PBXNativeTarget;
			buildConfigurationList = 70E1FD821C536835009256B3 /* Build configuration list for PBXNativeTarget "10-画板" */;
			buildPhases = (
				0C505BFE1825339DBCCC3C05 /* Check Pods Manifest.lock */,
				70E1FD671C536835009256B3 /* Sources */,
				70E1FD681C536835009256B3 /* Frameworks */,
				70E1FD691C536835009256B3 /* Resources */,
				25C4E3A21FEA3224BEFCD100 /* Embed Pods Frameworks */,
				D2284DCD57BD0561736BA640 /* Copy Pods Resources */,
			);
			buildRules = (
			);
			dependencies = (
			);
			name = "10-画板";
			productName = "10-画板";
			productReference = 70E1FD6B1C536835009256B3 /* 10-画板.app */;
			productType = "com.apple.product-type.application";
		};
/* End PBXNativeTarget section */

/* Begin PBXProject section */
		70E1FD631C536835009256B3 /* Project object */ = {
			isa = PBXProject;
			attributes = {
				LastUpgradeCheck = 0720;
				ORGANIZATIONNAME = scooper;
				TargetAttributes = {
					70E1FD6A1C536835009256B3 = {
						CreatedOnToolsVersion = 7.2;
					};
				};
			};
			buildConfigurationList = 70E1FD661C536835009256B3 /* Build configuration list for PBXProject "10-画板" */;
			compatibilityVersion = "Xcode 3.2";
			developmentRegion = English;
			hasScannedForEncodings = 0;
			knownRegions = (
				en,
				Base,
			);
			mainGroup = 70E1FD621C536835009256B3;
			productRefGroup = 70E1FD6C1C536835009256B3 /* Products */;
			projectDirPath = "";
			projectRoot = "";
			targets = (
				70E1FD6A1C536835009256B3 /* 10-画板 */,
			);
		};
/* End PBXProject section */

/* Begin PBXResourcesBuildPhase section */
		70E1FD691C536835009256B3 /* Resources */ = {
			isa = PBXResourcesBuildPhase;
			buildActionMask = 2147483647;
			files = (
				70E1FD7E1C536835009256B3 /* LaunchScreen.storyboard in Resources */,
				70E1FD7B1C536835009256B3 /* Assets.xcassets in Resources */,
				70E1FD791C536835009256B3 /* Main.storyboard in Resources */,
			);
			runOnlyForDeploymentPostprocessing = 0;
		};
/* End PBXResourcesBuildPhase section */

/* Begin PBXShellScriptBuildPhase section */
		0C505BFE1825339DBCCC3C05 /* Check Pods Manifest.lock */ = {
			isa = PBXShellScriptBuildPhase;
			buildActionMask = 2147483647;
			files = (
			);
			inputPaths = (
			);
			name = "Check Pods Manifest.lock";
			outputPaths = (
			);
			runOnlyForDeploymentPostprocessing = 0;
			shellPath = /bin/sh;
			shellScript = "diff \"${PODS_ROOT}/../Podfile.lock\" \"${PODS_ROOT}/Manifest.lock\" > /dev/null\nif [[ $? != 0 ]] ; then\n    cat << EOM\nerror: The sandbox is not in sync with the Podfile.lock. Run 'pod install' or update your CocoaPods installation.\nEOM\n    exit 1\nfi\n";
			showEnvVarsInLog = 0;
		};
		25C4E3A21FEA3224BEFCD100 /* Embed Pods Frameworks */ = {
			isa = PBXShellScriptBuildPhase;
			buildActionMask = 2147483647;
			files = (
			);
			inputPaths = (
			);
			name = "Embed Pods Frameworks";
			outputPaths = (
			);
			runOnlyForDeploymentPostprocessing = 0;
			shellPath = /bin/sh;
			shellScript = "\"${SRCROOT}/Pods/Target Support Files/Pods/Pods-frameworks.sh\"\n";
			showEnvVarsInLog = 0;
		};
		D2284DCD57BD0561736BA640 /* Copy Pods Resources */ = {
			isa = PBXShellScriptBuildPhase;
			buildActionMask = 2147483647;
			files = (
			);
			inputPaths = (
			);
			name = "Copy Pods Resources";
			outputPaths = (
			);
			runOnlyForDeploymentPostprocessing = 0;
			shellPath = /bin/sh;
			shellScript = "\"${SRCROOT}/Pods/Target Support Files/Pods/Pods-resources.sh\"\n";
			showEnvVarsInLog = 0;
		};
/* End PBXShellScriptBuildPhase section */

/* Begin PBXSourcesBuildPhase section */
		70E1FD671C536835009256B3 /* Sources */ = {
			isa = PBXSourcesBuildPhase;
			buildActionMask = 2147483647;
			files = (
				0D4A8FE11DF696CF00126719 /* SCPicture.m in Sources */,
				0D963F631DDC0B1000DC3900 /* Account.m in Sources */,
				0DF8E3F61DEC28500088CA81 /* SCPoint.m in Sources */,
				70E1FD8D1C5393BA009256B3 /* HandleImageView.m in Sources */,
				70E1FD761C536835009256B3 /* ViewController.m in Sources */,
				0D8DC2951DDD8BC500A562C9 /* Meeting.m in Sources */,
				0D68F2BF1DE2F7A30055B6B1 /* RequestResultOther.m in Sources */,
				0D963F601DDBFD6300DC3900 /* RequestResult.m in Sources */,
				0D4F297C1DE43A6A00B30710 /* CommonFunc.m in Sources */,
				0DFA75761DED54F100A5A6DE /* SCRect.m in Sources */,
				0D4A8FDE1DF68C1700126719 /* MyImage.m in Sources */,
				0D8DC2981DDDCA2100A562C9 /* SCConst.m in Sources */,
				0D68F2BC1DE2D50F0055B6B1 /* InviteMeeting.m in Sources */,
				70E1FD731C536835009256B3 /* AppDelegate.m in Sources */,
				70E1FD8A1C5378B4009256B3 /* MyBezierPath.m in Sources */,
				70E1FD871C536C6F009256B3 /* DrawView.m in Sources */,
				70E1FD701C536835009256B3 /* main.m in Sources */,
				0DDC66C01DD2D64C00CD1454 /* ConnectTool.m in Sources */,
				0DF8E3F91DEC29010088CA81 /* Draw.m in Sources */,
			);
			runOnlyForDeploymentPostprocessing = 0;
		};
/* End PBXSourcesBuildPhase section */

/* Begin PBXVariantGroup section */
		70E1FD771C536835009256B3 /* Main.storyboard */ = {
			isa = PBXVariantGroup;
			children = (
				70E1FD781C536835009256B3 /* Base */,
			);
			name = Main.storyboard;
			sourceTree = "<group>";
		};
		70E1FD7C1C536835009256B3 /* LaunchScreen.storyboard */ = {
			isa = PBXVariantGroup;
			children = (
				70E1FD7D1C536835009256B3 /* Base */,
			);
			name = LaunchScreen.storyboard;
			sourceTree = "<group>";
		};
/* End PBXVariantGroup section */

/* Begin XCBuildConfiguration section */
		70E1FD801C536835009256B3 /* Debug */ = {
			isa = XCBuildConfiguration;
			buildSettings = {
				ALWAYS_SEARCH_USER_PATHS = NO;
				CLANG_CXX_LANGUAGE_STANDARD = "gnu++0x";
				CLANG_CXX_LIBRARY = "libc++";
				CLANG_ENABLE_MODULES = YES;
				CLANG_ENABLE_OBJC_ARC = YES;
				CLANG_WARN_BOOL_CONVERSION = YES;
				CLANG_WARN_CONSTANT_CONVERSION = YES;
				CLANG_WARN_DIRECT_OBJC_ISA_USAGE = YES_ERROR;
				CLANG_WARN_EMPTY_BODY = YES;
				CLANG_WARN_ENUM_CONVERSION = YES;
				CLANG_WARN_INT_CONVERSION = YES;
				CLANG_WARN_OBJC_ROOT_CLASS = YES_ERROR;
				CLANG_WARN_UNREACHABLE_CODE = YES;
				CLANG_WARN__DUPLICATE_METHOD_MATCH = YES;
				"CODE_SIGN_IDENTITY[sdk=iphoneos*]" = "iPhone Developer";
				COPY_PHASE_STRIP = NO;
				DEBUG_INFORMATION_FORMAT = dwarf;
				ENABLE_STRICT_OBJC_MSGSEND = YES;
				ENABLE_TESTABILITY = YES;
				GCC_C_LANGUAGE_STANDARD = gnu99;
				GCC_DYNAMIC_NO_PIC = NO;
				GCC_NO_COMMON_BLOCKS = YES;
				GCC_OPTIMIZATION_LEVEL = 0;
				GCC_PREPROCESSOR_DEFINITIONS = (
					"DEBUG=1",
					"$(inherited)",
				);
				GCC_WARN_64_TO_32_BIT_CONVERSION = YES;
				GCC_WARN_ABOUT_RETURN_TYPE = YES_ERROR;
				GCC_WARN_UNDECLARED_SELECTOR = YES;
				GCC_WARN_UNINITIALIZED_AUTOS = YES_AGGRESSIVE;
				GCC_WARN_UNUSED_FUNCTION = YES;
				GCC_WARN_UNUSED_VARIABLE = YES;
				IPHONEOS_DEPLOYMENT_TARGET = 9.2;
				MTL_ENABLE_DEBUG_INFO = YES;
				ONLY_ACTIVE_ARCH = YES;
				SDKROOT = iphoneos;
			};
			name = Debug;
		};
		70E1FD811C536835009256B3 /* Release */ = {
			isa = XCBuildConfiguration;
			buildSettings = {
				ALWAYS_SEARCH_USER_PATHS = NO;
				CLANG_CXX_LANGUAGE_STANDARD = "gnu++0x";
				CLANG_CXX_LIBRARY = "libc++";
				CLANG_ENABLE_MODULES = YES;
				CLANG_ENABLE_OBJC_ARC = YES;
				CLANG_WARN_BOOL_CONVERSION = YES;
				CLANG_WARN_CONSTANT_CONVERSION = YES;
				CLANG_WARN_DIRECT_OBJC_ISA_USAGE = YES_ERROR;
				CLANG_WARN_EMPTY_BODY = YES;
				CLANG_WARN_ENUM_CONVERSION = YES;
				CLANG_WARN_INT_CONVERSION = YES;
				CLANG_WARN_OBJC_ROOT_CLASS = YES_ERROR;
				CLANG_WARN_UNREACHABLE_CODE = YES;
				CLANG_WARN__DUPLICATE_METHOD_MATCH = YES;
				"CODE_SIGN_IDENTITY[sdk=iphoneos*]" = "iPhone Developer";
				COPY_PHASE_STRIP = NO;
				DEBUG_INFORMATION_FORMAT = "dwarf-with-dsym";
				ENABLE_NS_ASSERTIONS = NO;
				ENABLE_STRICT_OBJC_MSGSEND = YES;
				GCC_C_LANGUAGE_STANDARD = gnu99;
				GCC_NO_COMMON_BLOCKS = YES;
				GCC_WARN_64_TO_32_BIT_CONVERSION = YES;
				GCC_WARN_ABOUT_RETURN_TYPE = YES_ERROR;
				GCC_WARN_UNDECLARED_SELECTOR = YES;
				GCC_WARN_UNINITIALIZED_AUTOS = YES_AGGRESSIVE;
				GCC_WARN_UNUSED_FUNCTION = YES;
				GCC_WARN_UNUSED_VARIABLE = YES;
				IPHONEOS_DEPLOYMENT_TARGET = 9.2;
				MTL_ENABLE_DEBUG_INFO = NO;
				SDKROOT = iphoneos;
				VALIDATE_PRODUCT = YES;
			};
			name = Release;
		};
		70E1FD831C536835009256B3 /* Debug */ = {
			isa = XCBuildConfiguration;
			baseConfigurationReference = 15FB0B0D55C5C61858CFE043 /* Pods.debug.xcconfig */;
			buildSettings = {
				ASSETCATALOG_COMPILER_APPICON_NAME = AppIcon;
				INFOPLIST_FILE = "10-画板/Info.plist";
				IPHONEOS_DEPLOYMENT_TARGET = 9.0;
				LD_RUNPATH_SEARCH_PATHS = "$(inherited) @executable_path/Frameworks";
				PRODUCT_BUNDLE_IDENTIFIER = cn.com.scooper;
				PRODUCT_NAME = "$(TARGET_NAME)";
			};
			name = Debug;
		};
		70E1FD841C536835009256B3 /* Release */ = {
			isa = XCBuildConfiguration;
			baseConfigurationReference = 9BF21534529C25CFF48B09AC /* Pods.release.xcconfig */;
			buildSettings = {
				ASSETCATALOG_COMPILER_APPICON_NAME = AppIcon;
				INFOPLIST_FILE = "10-画板/Info.plist";
				IPHONEOS_DEPLOYMENT_TARGET = 9.0;
				LD_RUNPATH_SEARCH_PATHS = "$(inherited) @executable_path/Frameworks";
				PRODUCT_BUNDLE_IDENTIFIER = cn.com.scooper;
				PRODUCT_NAME = "$(TARGET_NAME)";
			};
			name = Release;
		};
/* End XCBuildConfiguration section */

/* Begin XCConfigurationList section */
		70E1FD661C536835009256B3 /* Build configuration list for PBXProject "10-画板" */ = {
			isa = XCConfigurationList;
			buildConfigurations = (
				70E1FD801C536835009256B3 /* Debug */,
				70E1FD811C536835009256B3 /* Release */,
			);
			defaultConfigurationIsVisible = 0;
			defaultConfigurationName = Release;
		};
		70E1FD821C536835009256B3 /* Build configuration list for PBXNativeTarget "10-画板" */ = {
			isa = XCConfigurationList;
			buildConfigurations = (
				70E1FD831C536835009256B3 /* Debug */,
				70E1FD841C536835009256B3 /* Release */,
			);
			defaultConfigurationIsVisible = 0;
			defaultConfigurationName = Release;
		};
/* End XCConfigurationList section */
	};
	rootObject = 70E1FD631C536835009256B3 /* Project object */;
}
